github.com/beevik/ntp v0.3.0 h1:xzVrPrE4ziasFXgBVBZJDP0Wg/KpMwk2KHJ4Ba8GrDw=
github.com/beevik/ntp v0.3.0/go.mod h1:hIHWr+l3+/clUnF44zdK+CWW7fO8dR5cIylAQ76NRpg=
github.com/macrat/ayd v0.9.2 h1:Obh4cEVHZXSXZ8s+NhyJu5KbR07nzKs4Z9VxZmT2LpU=
github.com/macrat/ayd v0.9.2/go.mod h1:wmQ6nHkg8JrhacPljahYeYVQSiiCnV4dr6i5ftgO+AY=
golang.org/x/net v0.0.0-20210924151903-3ad01bbaa167 h1:eDd+TJqbgfXruGQ5sJRU7tEtp/58OAx4+Ayjxg4SM+4=
golang.org/x/net v0.0.0-20210924151903-3ad01bbaa167/go.mod h1:9nx3DQGgdP8bBQD5qxJ1jj9UTztislL4KSBs9R2vV5Y=
golang.org/x/sys v0.0.0-20210925032602-92d5a993a665 h1:QOQNt6vCjMpXE7JSK5VvAzJC1byuN3FgTNSBwf+CJgI=
golang.org/x/sys v0.0.0-20210925032602-92d5a993a665/go.mod h1:oPkhp1MJrh7nUepCBck5+mAzfO9JrbApNNgaTdGDITg=
